
Microsoft Visual Studio Solution File, Format Version 12.00
# Visual Studio 15
VisualStudioVersion = 15.0.28307.438
MinimumVisualStudioVersion = 10.0.40219.1
Project("{FAE04EC0-301F-11D3-BF4B-00C04F79EFBC}") = "Abtrab", "Abtrab\Abtrab.csproj", "{146F0439-41A6-40AC-B79F-9CD07BA79ECF}"
EndProject
Global
	GlobalSection(SolutionConfigurationPlatforms) = preSolution
		Debug|Any CPU = Debug|Any CPU
		Release|Any CPU = Release|Any CPU
	EndGlobalSection
	GlobalSection(ProjectConfigurationPlatforms) = postSolution
		{146F0439-41A6-40AC-B79F-9CD07BA79ECF}.Debug|Any CPU.ActiveCfg = Debug|Any CPU
		{146F0439-41A6-40AC-B79F-9CD07BA79ECF}.Debug|Any CPU.Build.0 = Debug|Any CPU
		{146F0439-41A6-40AC-B79F-9CD07BA79ECF}.Release|Any CPU.ActiveCfg = Release|Any CPU
		{146F0439-41A6-40AC-B79F-9CD07BA79ECF}.Release|Any CPU.Build.0 = Release|Any CPU
	EndGlobalSection
	GlobalSection(SolutionProperties) = preSolution
		HideSolutionNode = FALSE
	EndGlobalSection
	GlobalSection(ExtensibilityGlobals) = postSolution
		SolutionGuid = {9B790436-E5B6-4C9C-BA7E-49086BE2310C}
	EndGlobalSection
EndGlobal
